// !$*UTF8*$!
{
	archiveVersion = 1;
	classes = {
	};
	objectVersion = 46;
	objects = {

/* Begin PBXBuildFile section */
		6F5C3B7119A7430C00E57962 /* main.swift in Sources */ = {isa = PBXBuildFile; fileRef = 6F5C3B7019A7430C00E57962 /* main.swift */; };
		6F5C3B7319A7430C00E57962 /* AppDelegate.swift in Sources */ = {isa = PBXBuildFile; fileRef = 6F5C3B7219A7430C00E57962 /* AppDelegate.swift */; };
		6F5C3B7519A7430C00E57962 /* Images.xcassets in Resources */ = {isa = PBXBuildFile; fileRef = 6F5C3B7419A7430C00E57962 /* Images.xcassets */; };
		6F5C3B7819A7430C00E57962 /* MainMenu.xib in Resources */ = {isa = PBXBuildFile; fileRef = 6F5C3B7619A7430C00E57962 /* MainMenu.xib */; };
		6F5C3B8419A7430C00E57962 /* MSStatusItemPopoverTests.swift in Sources */ = {isa = PBXBuildFile; fileRef = 6F5C3B8319A7430C00E57962 /* MSStatusItemPopoverTests.swift */; };
/* End PBXBuildFile section */

/* Begin PBXContainerItemProxy section */
		6F5C3B7E19A7430C00E57962 /* PBXContainerItemProxy */ = {
			isa = PBXContainerItemProxy;
			containerPortal = 6F5C3B6319A7430C00E57962 /* Project object */;
			proxyType = 1;
			remoteGlobalIDString = 6F5C3B6A19A7430C00E57962;
			remoteInfo = MSStatusItemPopover;
		};
/* End PBXContainerItemProxy section */

/* Begin PBXFileReference section */
		6F5C3B6B19A7430C00E57962 /* MSStatusItemPopover.app */ = {isa = PBXFileReference; explicitFileType = wrapper.application; includeInIndex = 0; path = MSStatusItemPopover.app; sourceTree = BUILT_PRODUCTS_DIR; };
		6F5C3B6F19A7430C00E57962 /* Info.plist */ = {isa = PBXFileReference; lastKnownFileType = text.plist.xml; path = Info.plist; sourceTree = "<group>"; };
		6F5C3B7019A7430C00E57962 /* main.swift */ = {isa = PBXFileReference; lastKnownFileType = sourcecode.swift; path = main.swift; sourceTree = "<group>"; };
		6F5C3B7219A7430C00E57962 /* AppDelegate.swift */ = {isa = PBXFileReference; lastKnownFileType = sourcecode.swift; path = AppDelegate.swift; sourceTree = "<group>"; };
		6F5C3B7419A7430C00E57962 /* Images.xcassets */ = {isa = PBXFileReference; lastKnownFileType = folder.assetcatalog; path = Images.xcassets; sourceTree = "<group>"; };
		6F5C3B7719A7430C00E57962 /* Base */ = {isa = PBXFileReference; lastKnownFileType = file.xib; name = Base; path = Base.lproj/MainMenu.xib; sourceTree = "<group>"; };
		6F5C3B7D19A7430C00E57962 /* MSStatusItemPopoverTests.xctest */ = {isa = PBXFileReference; explicitFileType = wrapper.cfbundle; includeInIndex = 0; path = MSStatusItemPopoverTests.xctest; sourceTree = BUILT_PRODUCTS_DIR; };
		6F5C3B8219A7430C00E57962 /* Info.plist */ = {isa = PBXFileReference; lastKnownFileType = text.plist.xml; path = Info.plist; sourceTree = "<group>"; };
		6F5C3B8319A7430C00E57962 /* MSStatusItemPopoverTests.swift */ = {isa = PBXFileReference; lastKnownFileType = sourcecode.swift; path = MSStatusItemPopoverTests.swift; sourceTree = "<group>"; };
/* End PBXFileReference section */

/* Begin PBXFrameworksBuildPhase section */
		6F5C3B6819A7430C00E57962 /* Frameworks */ = {
			isa = PBXFrameworksBuildPhase;
			buildActionMask = 2147483647;
			files = (
			);
			runOnlyForDeploymentPostprocessing = 0;
		};
		6F5C3B7A19A7430C00E57962 /* Frameworks */ = {
			isa = PBXFrameworksBuildPhase;
			buildActionMask = 2147483647;
			files = (
			);
			runOnlyForDeploymentPostprocessing = 0;
		};
/* End PBXFrameworksBuildPhase section */

/* Begin PBXGroup section */
		6F5C3B6219A7430C00E57962 = {
			isa = PBXGroup;
			children = (
				6F5C3B6D19A7430C00E57962 /* MSStatusItemPopover */,
				6F5C3B8019A7430C00E57962 /* MSStatusItemPopoverTests */,
				6F5C3B6C19A7430C00E57962 /* Products */,
			);
			sourceTree = "<group>";
		};
		6F5C3B6C19A7430C00E57962 /* Products */ = {
			isa = PBXGroup;
			children = (
				6F5C3B6B19A7430C00E57962 /* MSStatusItemPopover.app */,
				6F5C3B7D19A7430C00E57962 /* MSStatusItemPopoverTests.xctest */,
			);
			name = Products;
			sourceTree = "<group>";
		};
		6F5C3B6D19A7430C00E57962 /* MSStatusItemPopover */ = {
			isa = PBXGroup;
			children = (
				6F5C3B7219A7430C00E57962 /* AppDelegate.swift */,
				6F5C3B7419A7430C00E57962 /* Images.xcassets */,
				6F5C3B7619A7430C00E57962 /* MainMenu.xib */,
				6F5C3B6E19A7430C00E57962 /* Supporting Files */,
			);
			path = MSStatusItemPopover;
			sourceTree = "<group>";
		};
		6F5C3B6E19A7430C00E57962 /* Supporting Files */ = {
			isa = PBXGroup;
			children = (
				6F5C3B6F19A7430C00E57962 /* Info.plist */,
				6F5C3B7019A7430C00E57962 /* main.swift */,
			);
			name = "Supporting Files";
			sourceTree = "<group>";
		};
		6F5C3B8019A7430C00E57962 /* MSStatusItemPopoverTests */ = {
			isa = PBXGroup;
			children = (
				6F5C3B8319A7430C00E57962 /* MSStatusItemPopoverTests.swift */,
				6F5C3B8119A7430C00E57962 /* Supporting Files */,
			);
			path = MSStatusItemPopoverTests;
			sourceTree = "<group>";
		};
		6F5C3B8119A7430C00E57962 /* Supporting Files */ = {
			isa = PBXGroup;
			children = (
				6F5C3B8219A7430C00E57962 /* Info.plist */,
			);
			name = "Supporting Files";
			sourceTree = "<group>";
		};
/* End PBXGroup section */

/* Begin PBXNativeTarget section */
		6F5C3B6A19A7430C00E57962 /* MSStatusItemPopover */ = {
			isa = PBXNativeTarget;
			buildConfigurationList = 6F5C3B8719A7430C00E57962 /* Build configuration list for PBXNativeTarget "MSStatusItemPopover" */;
			buildPhases = (
				6F5C3B6719A7430C00E57962 /* Sources */,
				6F5C3B6819A7430C00E57962 /* Frameworks */,
				6F5C3B6919A7430C00E57962 /* Resources */,
			);
			buildRules = (
			);
			dependencies = (
			);
			name = MSStatusItemPopover;
			productName = MSStatusItemPopover;
			productReference = 6F5C3B6B19A7430C00E57962 /* MSStatusItemPopover.app */;
			productType = "com.apple.product-type.application";
		};
		6F5C3B7C19A7430C00E57962 /* MSStatusItemPopoverTests */ = {
			isa = PBXNativeTarget;
			buildConfigurationList = 6F5C3B8A19A7430C00E57962 /* Build configuration list for PBXNativeTarget "MSStatusItemPopoverTests" */;
			buildPhases = (
				6F5C3B7919A7430C00E57962 /* Sources */,
				6F5C3B7A19A7430C00E57962 /* Frameworks */,
				6F5C3B7B19A7430C00E57962 /* Resources */,
			);
			buildRules = (
			);
			dependencies = (
				6F5C3B7F19A7430C00E57962 /* PBXTargetDependency */,
			);
			name = MSStatusItemPopoverTests;
			productName = MSStatusItemPopoverTests;
			productReference = 6F5C3B7D19A7430C00E57962 /* MSStatusItemPopoverTests.xctest */;
			productType = "com.apple.product-type.bundle.unit-test";
		};
/* End PBXNativeTarget section */

/* Begin PBXProject section */
		6F5C3B6319A7430C00E57962 /* Project object */ = {
			isa = PBXProject;
			attributes = {
				LastUpgradeCheck = 0600;
				ORGANIZATIONNAME = Marmaladesoul;
				TargetAttributes = {
					6F5C3B6A19A7430C00E57962 = {
						CreatedOnToolsVersion = 6.0;
					};
					6F5C3B7C19A7430C00E57962 = {
						CreatedOnToolsVersion = 6.0;
						TestTargetID = 6F5C3B6A19A7430C00E57962;
					};
				};
			};
			buildConfigurationList = 6F5C3B6619A7430C00E57962 /* Build configuration list for PBXProject "MSStatusItemPopover" */;
			compatibilityVersion = "Xcode 3.2";
			developmentRegion = English;
			hasScannedForEncodings = 0;
			knownRegions = (
				en,
				Base,
			);
			mainGroup = 6F5C3B6219A7430C00E57962;
			productRefGroup = 6F5C3B6C19A7430C00E57962 /* Products */;
			projectDirPath = "";
			projectRoot = "";
			targets = (
				6F5C3B6A19A7430C00E57962 /* MSStatusItemPopover */,
				6F5C3B7C19A7430C00E57962 /* MSStatusItemPopoverTests */,
			);
		};
/* End PBXProject section */

/* Begin PBXResourcesBuildPhase section */
		6F5C3B6919A7430C00E57962 /* Resources */ = {
			isa = PBXResourcesBuildPhase;
			buildActionMask = 2147483647;
			files = (
				6F5C3B7519A7430C00E57962 /* Images.xcassets in Resources */,
				6F5C3B7819A7430C00E57962 /* MainMenu.xib in Resources */,
			);
			runOnlyForDeploymentPostprocessing = 0;
		};
		6F5C3B7B19A7430C00E57962 /* Resources */ = {
			isa = PBXResourcesBuildPhase;
			buildActionMask = 2147483647;
			files = (
			);
			runOnlyForDeploymentPostprocessing = 0;
		};
/* End PBXResourcesBuildPhase section */

/* Begin PBXSourcesBuildPhase section */
		6F5C3B6719A7430C00E57962 /* Sources */ = {
			isa = PBXSourcesBuildPhase;
			buildActionMask = 2147483647;
			files = (
				6F5C3B7319A7430C00E57962 /* AppDelegate.swift in Sources */,
				6F5C3B7119A7430C00E57962 /* main.swift in Sources */,
			);
			runOnlyForDeploymentPostprocessing = 0;
		};
		6F5C3B7919A7430C00E57962 /* Sources */ = {
			isa = PBXSourcesBuildPhase;
			buildActionMask = 2147483647;
			files = (
				6F5C3B8419A7430C00E57962 /* MSStatusItemPopoverTests.swift in Sources */,
			);
			runOnlyForDeploymentPostprocessing = 0;
		};
/* End PBXSourcesBuildPhase section */

/* Begin PBXTargetDependency section */
		6F5C3B7F19A7430C00E57962 /* PBXTargetDependency */ = {
			isa = PBXTargetDependency;
			target = 6F5C3B6A19A7430C00E57962 /* MSStatusItemPopover */;
			targetProxy = 6F5C3B7E19A7430C00E57962 /* PBXContainerItemProxy */;
		};
/* End PBXTargetDependency section */

/* Begin PBXVariantGroup section */
		6F5C3B7619A7430C00E57962 /* MainMenu.xib */ = {
			isa = PBXVariantGroup;
			children = (
				6F5C3B7719A7430C00E57962 /* Base */,
			);
			name = MainMenu.xib;
			sourceTree = "<group>";
		};
/* End PBXVariantGroup section */

/* Begin XCBuildConfiguration section */
		6F5C3B8519A7430C00E57962 /* Debug */ = {
			isa = XCBuildConfiguration;
			buildSettings = {
				ALWAYS_SEARCH_USER_PATHS = NO;
				CLANG_CXX_LANGUAGE_STANDARD = "gnu++0x";
				CLANG_CXX_LIBRARY = "libc++";
				CLANG_ENABLE_MODULES = YES;
				CLANG_ENABLE_OBJC_ARC = YES;
				CLANG_WARN_BOOL_CONVERSION = YES;
				CLANG_WARN_CONSTANT_CONVERSION = YES;
				CLANG_WARN_DIRECT_OBJC_ISA_USAGE = YES_ERROR;
				CLANG_WARN_EMPTY_BODY = YES;
				CLANG_WARN_ENUM_CONVERSION = YES;
				CLANG_WARN_INT_CONVERSION = YES;
				CLANG_WARN_OBJC_ROOT_CLASS = YES_ERROR;
				CLANG_WARN_UNREACHABLE_CODE = YES;
				CLANG_WARN__DUPLICATE_METHOD_MATCH = YES;
				CODE_SIGN_IDENTITY = "-";
				COPY_PHASE_STRIP = NO;
				ENABLE_STRICT_OBJC_MSGSEND = YES;
				GCC_C_LANGUAGE_STANDARD = gnu99;
				GCC_DYNAMIC_NO_PIC = NO;
				GCC_OPTIMIZATION_LEVEL = 0;
				GCC_PREPROCESSOR_DEFINITIONS = (
					"DEBUG=1",
					"$(inherited)",
				);
				GCC_SYMBOLS_PRIVATE_EXTERN = NO;
				GCC_WARN_64_TO_32_BIT_CONVERSION = YES;
				GCC_WARN_ABOUT_RETURN_TYPE = YES_ERROR;
				GCC_WARN_UNDECLARED_SELECTOR = YES;
				GCC_WARN_UNINITIALIZED_AUTOS = YES_AGGRESSIVE;
				GCC_WARN_UNUSED_FUNCTION = YES;
				GCC_WARN_UNUSED_VARIABLE = YES;
				MACOSX_DEPLOYMENT_TARGET = 10.10;
				MTL_ENABLE_DEBUG_INFO = YES;
				ONLY_ACTIVE_ARCH = YES;
				SDKROOT = macosx;
				SWIFT_OPTIMIZATION_LEVEL = "-Onone";
			};
			name = Debug;
		};
		6F5C3B8619A7430C00E57962 /* Release */ = {
			isa = XCBuildConfiguration;
			buildSettings = {
				ALWAYS_SEARCH_USER_PATHS = NO;
				CLANG_CXX_LANGUAGE_STANDARD = "gnu++0x";
				CLANG_CXX_LIBRARY = "libc++";
				CLANG_ENABLE_MODULES = YES;
				CLANG_ENABLE_OBJC_ARC = YES;
				CLANG_WARN_BOOL_CONVERSION = YES;
				CLANG_WARN_CONSTANT_CONVERSION = YES;
				CLANG_WARN_DIRECT_OBJC_ISA_USAGE = YES_ERROR;
				CLANG_WARN_EMPTY_BODY = YES;
				CLANG_WARN_ENUM_CONVERSION = YES;
				CLANG_WARN_INT_CONVERSION = YES;
				CLANG_WARN_OBJC_ROOT_CLASS = YES_ERROR;
				CLANG_WARN_UNREACHABLE_CODE = YES;
				CLANG_WARN__DUPLICATE_METHOD_MATCH = YES;
				CODE_SIGN_IDENTITY = "-";
				COPY_PHASE_STRIP = YES;
				DEBUG_INFORMATION_FORMAT = "dwarf-with-dsym";
				ENABLE_NS_ASSERTIONS = NO;
				ENABLE_STRICT_OBJC_MSGSEND = YES;
				GCC_C_LANGUAGE_STANDARD = gnu99;
				GCC_WARN_64_TO_32_BIT_CONVERSION = YES;
				GCC_WARN_ABOUT_RETURN_TYPE = YES_ERROR;
				GCC_WARN_UNDECLARED_SELECTOR = YES;
				GCC_WARN_UNINITIALIZED_AUTOS = YES_AGGRESSIVE;
				GCC_WARN_UNUSED_FUNCTION = YES;
				GCC_WARN_UNUSED_VARIABLE = YES;
				MACOSX_DEPLOYMENT_TARGET = 10.10;
				MTL_ENABLE_DEBUG_INFO = NO;
				SDKROOT = macosx;
			};
			name = Release;
		};
		6F5C3B8819A7430C00E57962 /* Debug */ = {
			isa = XCBuildConfiguration;
			buildSettings = {
				ASSETCATALOG_COMPILER_APPICON_NAME = AppIcon;
				COMBINE_HIDPI_IMAGES = YES;
				INFOPLIST_FILE = MSStatusItemPopover/Info.plist;
				LD_RUNPATH_SEARCH_PATHS = "$(inherited) @executable_path/../Frameworks";
				PRODUCT_NAME = "$(TARGET_NAME)";
			};
			name = Debug;
		};
		6F5C3B8919A7430C00E57962 /* Release */ = {
			isa = XCBuildConfiguration;
			buildSettings = {
				ASSETCATALOG_COMPILER_APPICON_NAME = AppIcon;
				COMBINE_HIDPI_IMAGES = YES;
				INFOPLIST_FILE = MSStatusItemPopover/Info.plist;
				LD_RUNPATH_SEARCH_PATHS = "$(inherited) @executable_path/../Frameworks";
				PRODUCT_NAME = "$(TARGET_NAME)";
			};
			name = Release;
		};
		6F5C3B8B19A7430C00E57962 /* Debug */ = {
			isa = XCBuildConfiguration;
			buildSettings = {
				BUNDLE_LOADER = "$(TEST_HOST)";
				COMBINE_HIDPI_IMAGES = YES;
				FRAMEWORK_SEARCH_PATHS = (
					"$(DEVELOPER_FRAMEWORKS_DIR)",
					"$(inherited)",
				);
				GCC_PREPROCESSOR_DEFINITIONS = (
					"DEBUG=1",
					"$(inherited)",
				);
				INFOPLIST_FILE = MSStatusItemPopoverTests/Info.plist;
				LD_RUNPATH_SEARCH_PATHS = "$(inherited) @executable_path/../Frameworks @loader_path/../Frameworks";
				PRODUCT_NAME = "$(TARGET_NAME)";
				TEST_HOST = "$(BUILT_PRODUCTS_DIR)/MSStatusItemPopover.app/Contents/MacOS/MSStatusItemPopover";
			};
			name = Debug;
		};
		6F5C3B8C19A7430C00E57962 /* Release */ = {
			isa = XCBuildConfiguration;
			buildSettings = {
				BUNDLE_LOADER = "$(TEST_HOST)";
				COMBINE_HIDPI_IMAGES = YES;
				FRAMEWORK_SEARCH_PATHS = (
					"$(DEVELOPER_FRAMEWORKS_DIR)",
					"$(inherited)",
				);
				INFOPLIST_FILE = MSStatusItemPopoverTests/Info.plist;
				LD_RUNPATH_SEARCH_PATHS = "$(inherited) @executable_path/../Frameworks @loader_path/../Frameworks";
				PRODUCT_NAME = "$(TARGET_NAME)";
				TEST_HOST = "$(BUILT_PRODUCTS_DIR)/MSStatusItemPopover.app/Contents/MacOS/MSStatusItemPopover";
			};
			name = Release;
		};
/* End XCBuildConfiguration section */

/* Begin XCConfigurationList section */
		6F5C3B6619A7430C00E57962 /* Build configuration list for PBXProject "MSStatusItemPopover" */ = {
			isa = XCConfigurationList;
			buildConfigurations = (
				6F5C3B8519A7430C00E57962 /* Debug */,
				6F5C3B8619A7430C00E57962 /* Release */,
			);
			defaultConfigurationIsVisible = 0;
			defaultConfigurationName = Release;
		};
		6F5C3B8719A7430C00E57962 /* Build configuration list for PBXNativeTarget "MSStatusItemPopover" */ = {
			isa = XCConfigurationList;
			buildConfigurations = (
				6F5C3B8819A7430C00E57962 /* Debug */,
				6F5C3B8919A7430C00E57962 /* Release */,
			);
			defaultConfigurationIsVisible = 0;
		};
		6F5C3B8A19A7430C00E57962 /* Build configuration list for PBXNativeTarget "MSStatusItemPopoverTests" */ = {
			isa = XCConfigurationList;
			buildConfigurations = (
				6F5C3B8B19A7430C00E57962 /* Debug */,
				6F5C3B8C19A7430C00E57962 /* Release */,
			);
			defaultConfigurationIsVisible = 0;
		};
/* End XCConfigurationList section */
	};
	rootObject = 6F5C3B6319A7430C00E57962 /* Project object */;
}
